
Microsoft Visual Studio Solution File, Format Version 12.00
# Visual Studio Version 16
VisualStudioVersion = 16.0.34601.136
MinimumVisualStudioVersion = 10.0.40219.1
Project("{FAE04EC0-301F-11D3-BF4B-00C04F79EFBC}") = "Переверни фишки", "Переверни фишки\Переверни фишки.csproj", "{91DCF7B3-3F62-49A2-93C9-0C0E2BA99169}"
EndProject
Global
	GlobalSection(SolutionConfigurationPlatforms) = preSolution
		Debug|Any CPU = Debug|Any CPU
		Release|Any CPU = Release|Any CPU
	EndGlobalSection
	GlobalSection(ProjectConfigurationPlatforms) = postSolution
		{91DCF7B3-3F62-49A2-93C9-0C0E2BA99169}.Debug|Any CPU.ActiveCfg = Debug|Any CPU
		{91DCF7B3-3F62-49A2-93C9-0C0E2BA99169}.Debug|Any CPU.Build.0 = Debug|Any CPU
		{91DCF7B3-3F62-49A2-93C9-0C0E2BA99169}.Release|Any CPU.ActiveCfg = Release|Any CPU
		{91DCF7B3-3F62-49A2-93C9-0C0E2BA99169}.Release|Any CPU.Build.0 = Release|Any CPU
	EndGlobalSection
	GlobalSection(SolutionProperties) = preSolution
		HideSolutionNode = FALSE
	EndGlobalSection
	GlobalSection(ExtensibilityGlobals) = postSolution
		SolutionGuid = {74A2379F-78FE-4532-8F9C-3B109C275587}
	EndGlobalSection
EndGlobal
